{
  "name": "nostr-tutorial",
  "version": "1.0.0",
  "lockfileVersion": 2,
  "requires": true,
  "packages": {
    "": {
      "name": "nostr-tutorial",
      "version": "1.0.0",
      "license": "GPL-3.0",
      "devDependencies": {
        "@types/node": "^20.4.4",
        "nostr-tools": "^1.13.0",
        "prettier": "^3.0.0",
        "typescript": "^5.1.6"
      }
    },
    "node_modules/@noble/curves": {
      "version": "1.0.0",
      "resolved": "https://registry.npmjs.org/@noble/curves/-/curves-1.0.0.tgz",
      "integrity": "sha512-2upgEu0iLiDVDZkNLeFV2+ht0BAVgQnEmCk6JsOch9Rp8xfkMCbvbAZlA2pBHQc73dbl+vFOXfqkf4uemdn0bw==",
      "dev": true,
      "funding": [
        {
          "type": "individual",
          "url": "https://paulmillr.com/funding/"
        }
      ],
      "dependencies": {
        "@noble/hashes": "1.3.0"
      }
    },
    "node_modules/@noble/hashes": {
      "version": "1.3.0",
      "resolved": "https://registry.npmjs.org/@noble/hashes/-/hashes-1.3.0.tgz",
      "integrity": "sha512-ilHEACi9DwqJB0pw7kv+Apvh50jiiSyR/cQ3y4W7lOR5mhvn/50FLUfsnfJz0BDZtl/RR16kXvptiv6q1msYZg==",
      "dev": true,
      "funding": [
        {
          "type": "individual",
          "url": "https://paulmillr.com/funding/"
        }
      ]
    },
    "node_modules/@scure/base": {
      "version": "1.1.1",
      "resolved": "https://registry.npmjs.org/@scure/base/-/base-1.1.1.tgz",
      "integrity": "sha512-ZxOhsSyxYwLJj3pLZCefNitxsj093tb2vq90mp2txoYeBqbcjDjqFhyM8eUjq/uFm6zJ+mUuqxlS2FkuSY1MTA==",
      "dev": true,
      "funding": [
        {
          "type": "individual",
          "url": "https://paulmillr.com/funding/"
        }
      ]
    },
    "node_modules/@scure/bip32": {
      "version": "1.3.0",
      "resolved": "https://registry.npmjs.org/@scure/bip32/-/bip32-1.3.0.tgz",
      "integrity": "sha512-bcKpo1oj54hGholplGLpqPHRbIsnbixFtc06nwuNM5/dwSXOq/AAYoIBRsBmnZJSdfeNW5rnff7NTAz3ZCqR9Q==",
      "dev": true,
      "funding": [
        {
          "type": "individual",
          "url": "https://paulmillr.com/funding/"
        }
      ],
      "dependencies": {
        "@noble/curves": "~1.0.0",
        "@noble/hashes": "~1.3.0",
        "@scure/base": "~1.1.0"
      }
    },
    "node_modules/@scure/bip39": {
      "version": "1.2.0",
      "resolved": "https://registry.npmjs.org/@scure/bip39/-/bip39-1.2.0.tgz",
      "integrity": "sha512-SX/uKq52cuxm4YFXWFaVByaSHJh2w3BnokVSeUJVCv6K7WulT9u2BuNRBhuFl8vAuYnzx9bEu9WgpcNYTrYieg==",
      "dev": true,
      "funding": [
        {
          "type": "individual",
          "url": "https://paulmillr.com/funding/"
        }
      ],
      "dependencies": {
        "@noble/hashes": "~1.3.0",
        "@scure/base": "~1.1.0"
      }
    },
    "node_modules/@types/node": {
      "version": "20.4.4",
      "resolved": "https://registry.npmjs.org/@types/node/-/node-20.4.4.tgz",
      "integrity": "sha512-CukZhumInROvLq3+b5gLev+vgpsIqC2D0deQr/yS1WnxvmYLlJXZpaQrQiseMY+6xusl79E04UjWoqyr+t1/Ew==",
      "dev": true
    },
    "node_modules/nostr-tools": {
      "version": "1.13.0",
      "resolved": "https://registry.npmjs.org/nostr-tools/-/nostr-tools-1.13.0.tgz",
      "integrity": "sha512-Yj2DfPIcyim6jpnB49s1+yOfSTLwulce2lIr3GkSK5PVDKTyPuOQJCdEb423n3kGDS++7ScWdNPjtSu2mel3aA==",
      "dev": true,
      "dependencies": {
        "@noble/curves": "1.0.0",
        "@noble/hashes": "1.3.0",
        "@scure/base": "1.1.1",
        "@scure/bip32": "1.3.0",
        "@scure/bip39": "1.2.0"
      }
    },
    "node_modules/prettier": {
      "version": "3.0.0",
      "resolved": "https://registry.npmjs.org/prettier/-/prettier-3.0.0.tgz",
      "integrity": "sha512-zBf5eHpwHOGPC47h0zrPyNn+eAEIdEzfywMoYn2XPi0P44Zp0tSq64rq0xAREh4auw2cJZHo9QUob+NqCQky4g==",
      "dev": true,
      "bin": {
        "prettier": "bin/prettier.cjs"
      },
      "engines": {
        "node": ">=14"
      },
      "funding": {
        "url": "https://github.com/prettier/prettier?sponsor=1"
      }
    },
    "node_modules/typescript": {
      "version": "5.1.6",
      "resolved": "https://registry.npmjs.org/typescript/-/typescript-5.1.6.tgz",
      "integrity": "sha512-zaWCozRZ6DLEWAWFrVDz1H6FVXzUSfTy5FUMWsQlU8Ym5JP9eO4xkTIROFCQvhQf61z6O/G6ugw3SgAnvvm+HA==",
      "dev": true,
      "bin": {
        "tsc": "bin/tsc",
        "tsserver": "bin/tsserver"
      },
      "engines": {
        "node": ">=14.17"
      }
    }
  },
  "dependencies": {
    "@noble/curves": {
      "version": "1.0.0",
      "resolved": "https://registry.npmjs.org/@noble/curves/-/curves-1.0.0.tgz",
      "integrity": "sha512-2upgEu0iLiDVDZkNLeFV2+ht0BAVgQnEmCk6JsOch9Rp8xfkMCbvbAZlA2pBHQc73dbl+vFOXfqkf4uemdn0bw==",
      "dev": true,
      "requires": {
        "@noble/hashes": "1.3.0"
      }
    },
    "@noble/hashes": {
      "version": "1.3.0",
      "resolved": "https://registry.npmjs.org/@noble/hashes/-/hashes-1.3.0.tgz",
      "integrity": "sha512-ilHEACi9DwqJB0pw7kv+Apvh50jiiSyR/cQ3y4W7lOR5mhvn/50FLUfsnfJz0BDZtl/RR16kXvptiv6q1msYZg==",
      "dev": true
    },
    "@scure/base": {
      "version": "1.1.1",
      "resolved": "https://registry.npmjs.org/@scure/base/-/base-1.1.1.tgz",
      "integrity": "sha512-ZxOhsSyxYwLJj3pLZCefNitxsj093tb2vq90mp2txoYeBqbcjDjqFhyM8eUjq/uFm6zJ+mUuqxlS2FkuSY1MTA==",
      "dev": true
    },
    "@scure/bip32": {
      "version": "1.3.0",
      "resolved": "https://registry.npmjs.org/@scure/bip32/-/bip32-1.3.0.tgz",
      "integrity": "sha512-bcKpo1oj54hGholplGLpqPHRbIsnbixFtc06nwuNM5/dwSXOq/AAYoIBRsBmnZJSdfeNW5rnff7NTAz3ZCqR9Q==",
      "dev": true,
      "requires": {
        "@noble/curves": "~1.0.0",
        "@noble/hashes": "~1.3.0",
        "@scure/base": "~1.1.0"
      }
    },
    "@scure/bip39": {
      "version": "1.2.0",
      "resolved": "https://registry.npmjs.org/@scure/bip39/-/bip39-1.2.0.tgz",
      "integrity": "sha512-SX/uKq52cuxm4YFXWFaVByaSHJh2w3BnokVSeUJVCv6K7WulT9u2BuNRBhuFl8vAuYnzx9bEu9WgpcNYTrYieg==",
      "dev": true,
      "requires": {
        "@noble/hashes": "~1.3.0",
        "@scure/base": "~1.1.0"
      }
    },
    "@types/node": {
      "version": "20.4.4",
      "resolved": "https://registry.npmjs.org/@types/node/-/node-20.4.4.tgz",
      "integrity": "sha512-CukZhumInROvLq3+b5gLev+vgpsIqC2D0deQr/yS1WnxvmYLlJXZpaQrQiseMY+6xusl79E04UjWoqyr+t1/Ew==",
      "dev": true
    },
    "nostr-tools": {
      "version": "1.13.0",
      "resolved": "https://registry.npmjs.org/nostr-tools/-/nostr-tools-1.13.0.tgz",
      "integrity": "sha512-Yj2DfPIcyim6jpnB49s1+yOfSTLwulce2lIr3GkSK5PVDKTyPuOQJCdEb423n3kGDS++7ScWdNPjtSu2mel3aA==",
      "dev": true,
      "requires": {
        "@noble/curves": "1.0.0",
        "@noble/hashes": "1.3.0",
        "@scure/base": "1.1.1",
        "@scure/bip32": "1.3.0",
        "@scure/bip39": "1.2.0"
      }
    },
    "prettier": {
      "version": "3.0.0",
      "resolved": "https://registry.npmjs.org/prettier/-/prettier-3.0.0.tgz",
      "integrity": "sha512-zBf5eHpwHOGPC47h0zrPyNn+eAEIdEzfywMoYn2XPi0P44Zp0tSq64rq0xAREh4auw2cJZHo9QUob+NqCQky4g==",
      "dev": true
    },
    "typescript": {
      "version": "5.1.6",
      "resolved": "https://registry.npmjs.org/typescript/-/typescript-5.1.6.tgz",
      "integrity": "sha512-zaWCozRZ6DLEWAWFrVDz1H6FVXzUSfTy5FUMWsQlU8Ym5JP9eO4xkTIROFCQvhQf61z6O/G6ugw3SgAnvvm+HA==",
      "dev": true
    }
  }
}
